
Microsoft Visual Studio Solution File, Format Version 12.00
# Visual Studio 2013
VisualStudioVersion = 12.0.21005.1
MinimumVisualStudioVersion = 10.0.40219.1
Project("{FAE04EC0-301F-11D3-BF4B-00C04F79EFBC}") = "MovieBooking", "MovieBooking\MovieBooking.csproj", "{5E4A3214-24CB-449C-83A3-B87E4301DDB2}"
EndProject
Project("{FAE04EC0-301F-11D3-BF4B-00C04F79EFBC}") = "BeMoviesBooking", "BeMoviesBooking\BeMoviesBooking.csproj", "{24BAEE31-A542-4E1D-9968-C000D595B28D}"
EndProject
Global
	GlobalSection(SolutionConfigurationPlatforms) = preSolution
		Debug|Any CPU = Debug|Any CPU
		Release|Any CPU = Release|Any CPU
	EndGlobalSection
	GlobalSection(ProjectConfigurationPlatforms) = postSolution
		{5E4A3214-24CB-449C-83A3-B87E4301DDB2}.Debug|Any CPU.ActiveCfg = Debug|Any CPU
		{5E4A3214-24CB-449C-83A3-B87E4301DDB2}.Debug|Any CPU.Build.0 = Debug|Any CPU
		{5E4A3214-24CB-449C-83A3-B87E4301DDB2}.Release|Any CPU.ActiveCfg = Release|Any CPU
		{5E4A3214-24CB-449C-83A3-B87E4301DDB2}.Release|Any CPU.Build.0 = Release|Any CPU
		{24BAEE31-A542-4E1D-9968-C000D595B28D}.Debug|Any CPU.ActiveCfg = Debug|Any CPU
		{24BAEE31-A542-4E1D-9968-C000D595B28D}.Debug|Any CPU.Build.0 = Debug|Any CPU
		{24BAEE31-A542-4E1D-9968-C000D595B28D}.Release|Any CPU.ActiveCfg = Release|Any CPU
		{24BAEE31-A542-4E1D-9968-C000D595B28D}.Release|Any CPU.Build.0 = Release|Any CPU
	EndGlobalSection
	GlobalSection(SolutionProperties) = preSolution
		HideSolutionNode = FALSE
	EndGlobalSection
EndGlobal
